// !$*UTF8*$!
{
	archiveVersion = 1;
	classes = {
	};
	objectVersion = 46;
	objects = {

/* Begin PBXBuildFile section */
		EFD8E3481BF23A3200EAB35E /* AppDelegate.swift in Sources */ = {isa = PBXBuildFile; fileRef = EFD8E3471BF23A3200EAB35E /* AppDelegate.swift */; };
		EFD8E34A1BF23A3200EAB35E /* ViewController.swift in Sources */ = {isa = PBXBuildFile; fileRef = EFD8E3491BF23A3200EAB35E /* ViewController.swift */; };
		EFD8E34D1BF23A3200EAB35E /* Main.storyboard in Resources */ = {isa = PBXBuildFile; fileRef = EFD8E34B1BF23A3200EAB35E /* Main.storyboard */; };
		EFD8E34F1BF23A3200EAB35E /* Assets.xcassets in Resources */ = {isa = PBXBuildFile; fileRef = EFD8E34E1BF23A3200EAB35E /* Assets.xcassets */; };
		EFD8E3521BF23A3200EAB35E /* LaunchScreen.storyboard in Resources */ = {isa = PBXBuildFile; fileRef = EFD8E3501BF23A3200EAB35E /* LaunchScreen.storyboard */; };
/* End PBXBuildFile section */

/* Begin PBXFileReference section */
		EFD8E3441BF23A3200EAB35E /* SuperCool.app */ = {isa = PBXFileReference; explicitFileType = wrapper.application; includeInIndex = 0; path = SuperCool.app; sourceTree = BUILT_PRODUCTS_DIR; };
		EFD8E3471BF23A3200EAB35E /* AppDelegate.swift */ = {isa = PBXFileReference; lastKnownFileType = sourcecode.swift; path = AppDelegate.swift; sourceTree = "<group>"; };
		EFD8E3491BF23A3200EAB35E /* ViewController.swift */ = {isa = PBXFileReference; lastKnownFileType = sourcecode.swift; path = ViewController.swift; sourceTree = "<group>"; };
		EFD8E34C1BF23A3200EAB35E /* Base */ = {isa = PBXFileReference; lastKnownFileType = file.storyboard; name = Base; path = Base.lproj/Main.storyboard; sourceTree = "<group>"; };
		EFD8E34E1BF23A3200EAB35E /* Assets.xcassets */ = {isa = PBXFileReference; lastKnownFileType = folder.assetcatalog; path = Assets.xcassets; sourceTree = "<group>"; };
		EFD8E3511BF23A3200EAB35E /* Base */ = {isa = PBXFileReference; lastKnownFileType = file.storyboard; name = Base; path = Base.lproj/LaunchScreen.storyboard; sourceTree = "<group>"; };
		EFD8E3531BF23A3200EAB35E /* Info.plist */ = {isa = PBXFileReference; lastKnownFileType = text.plist.xml; path = Info.plist; sourceTree = "<group>"; };
/* End PBXFileReference section */

/* Begin PBXFrameworksBuildPhase section */
		EFD8E3411BF23A3200EAB35E /* Frameworks */ = {
			isa = PBXFrameworksBuildPhase;
			buildActionMask = 2147483647;
			files = (
			);
			runOnlyForDeploymentPostprocessing = 0;
		};
/* End PBXFrameworksBuildPhase section */

/* Begin PBXGroup section */
		EFD8E33B1BF23A3200EAB35E = {
			isa = PBXGroup;
			children = (
				EFD8E3461BF23A3200EAB35E /* SuperCool */,
				EFD8E3451BF23A3200EAB35E /* Products */,
			);
			sourceTree = "<group>";
		};
		EFD8E3451BF23A3200EAB35E /* Products */ = {
			isa = PBXGroup;
			children = (
				EFD8E3441BF23A3200EAB35E /* SuperCool.app */,
			);
			name = Products;
			sourceTree = "<group>";
		};
		EFD8E3461BF23A3200EAB35E /* SuperCool */ = {
			isa = PBXGroup;
			children = (
				EFD8E3471BF23A3200EAB35E /* AppDelegate.swift */,
				EFD8E3491BF23A3200EAB35E /* ViewController.swift */,
				EFD8E34B1BF23A3200EAB35E /* Main.storyboard */,
				EFD8E34E1BF23A3200EAB35E /* Assets.xcassets */,
				EFD8E3501BF23A3200EAB35E /* LaunchScreen.storyboard */,
				EFD8E3531BF23A3200EAB35E /* Info.plist */,
			);
			path = SuperCool;
			sourceTree = "<group>";
		};
/* End PBXGroup section */

/* Begin PBXNativeTarget section */
		EFD8E3431BF23A3200EAB35E /* SuperCool */ = {
			isa = PBXNativeTarget;
			buildConfigurationList = EFD8E3561BF23A3200EAB35E /* Build configuration list for PBXNativeTarget "SuperCool" */;
			buildPhases = (
				EFD8E3401BF23A3200EAB35E /* Sources */,
				EFD8E3411BF23A3200EAB35E /* Frameworks */,
				EFD8E3421BF23A3200EAB35E /* Resources */,
			);
			buildRules = (
			);
			dependencies = (
			);
			name = SuperCool;
			productName = SuperCool;
			productReference = EFD8E3441BF23A3200EAB35E /* SuperCool.app */;
			productType = "com.apple.product-type.application";
		};
/* End PBXNativeTarget section */

/* Begin PBXProject section */
		EFD8E33C1BF23A3200EAB35E /* Project object */ = {
			isa = PBXProject;
			attributes = {
				LastSwiftUpdateCheck = 0710;
				LastUpgradeCheck = 0710;
				ORGANIZATIONNAME = Seschwan;
				TargetAttributes = {
					EFD8E3431BF23A3200EAB35E = {
						CreatedOnToolsVersion = 7.1;
					};
				};
			};
			buildConfigurationList = EFD8E33F1BF23A3200EAB35E /* Build configuration list for PBXProject "SuperCool" */;
			compatibilityVersion = "Xcode 3.2";
			developmentRegion = English;
			hasScannedForEncodings = 0;
			knownRegions = (
				en,
				Base,
			);
			mainGroup = EFD8E33B1BF23A3200EAB35E;
			productRefGroup = EFD8E3451BF23A3200EAB35E /* Products */;
			projectDirPath = "";
			projectRoot = "";
			targets = (
				EFD8E3431BF23A3200EAB35E /* SuperCool */,
			);
		};
/* End PBXProject section */

/* Begin PBXResourcesBuildPhase section */
		EFD8E3421BF23A3200EAB35E /* Resources */ = {
			isa = PBXResourcesBuildPhase;
			buildActionMask = 2147483647;
			files = (
				EFD8E3521BF23A3200EAB35E /* LaunchScreen.storyboard in Resources */,
				EFD8E34F1BF23A3200EAB35E /* Assets.xcassets in Resources */,
				EFD8E34D1BF23A3200EAB35E /* Main.storyboard in Resources */,
			);
			runOnlyForDeploymentPostprocessing = 0;
		};
/* End PBXResourcesBuildPhase section */

/* Begin PBXSourcesBuildPhase section */
		EFD8E3401BF23A3200EAB35E /* Sources */ = {
			isa = PBXSourcesBuildPhase;
			buildActionMask = 2147483647;
			files = (
				EFD8E34A1BF23A3200EAB35E /* ViewController.swift in Sources */,
				EFD8E3481BF23A3200EAB35E /* AppDelegate.swift in Sources */,
			);
			runOnlyForDeploymentPostprocessing = 0;
		};
/* End PBXSourcesBuildPhase section */

/* Begin PBXVariantGroup section */
		EFD8E34B1BF23A3200EAB35E /* Main.storyboard */ = {
			isa = PBXVariantGroup;
			children = (
				EFD8E34C1BF23A3200EAB35E /* Base */,
			);
			name = Main.storyboard;
			sourceTree = "<group>";
		};
		EFD8E3501BF23A3200EAB35E /* LaunchScreen.storyboard */ = {
			isa = PBXVariantGroup;
			children = (
				EFD8E3511BF23A3200EAB35E /* Base */,
			);
			name = LaunchScreen.storyboard;
			sourceTree = "<group>";
		};
/* End PBXVariantGroup section */

/* Begin XCBuildConfiguration section */
		EFD8E3541BF23A3200EAB35E /* Debug */ = {
			isa = XCBuildConfiguration;
			buildSettings = {
				ALWAYS_SEARCH_USER_PATHS = NO;
				CLANG_CXX_LANGUAGE_STANDARD = "gnu++0x";
				CLANG_CXX_LIBRARY = "libc++";
				CLANG_ENABLE_MODULES = YES;
				CLANG_ENABLE_OBJC_ARC = YES;
				CLANG_WARN_BOOL_CONVERSION = YES;
				CLANG_WARN_CONSTANT_CONVERSION = YES;
				CLANG_WARN_DIRECT_OBJC_ISA_USAGE = YES_ERROR;
				CLANG_WARN_EMPTY_BODY = YES;
				CLANG_WARN_ENUM_CONVERSION = YES;
				CLANG_WARN_INT_CONVERSION = YES;
				CLANG_WARN_OBJC_ROOT_CLASS = YES_ERROR;
				CLANG_WARN_UNREACHABLE_CODE = YES;
				CLANG_WARN__DUPLICATE_METHOD_MATCH = YES;
				"CODE_SIGN_IDENTITY[sdk=iphoneos*]" = "iPhone Developer";
				COPY_PHASE_STRIP = NO;
				DEBUG_INFORMATION_FORMAT = dwarf;
				ENABLE_STRICT_OBJC_MSGSEND = YES;
				ENABLE_TESTABILITY = YES;
				GCC_C_LANGUAGE_STANDARD = gnu99;
				GCC_DYNAMIC_NO_PIC = NO;
				GCC_NO_COMMON_BLOCKS = YES;
				GCC_OPTIMIZATION_LEVEL = 0;
				GCC_PREPROCESSOR_DEFINITIONS = (
					"DEBUG=1",
					"$(inherited)",
				);
				GCC_WARN_64_TO_32_BIT_CONVERSION = YES;
				GCC_WARN_ABOUT_RETURN_TYPE = YES_ERROR;
				GCC_WARN_UNDECLARED_SELECTOR = YES;
				GCC_WARN_UNINITIALIZED_AUTOS = YES_AGGRESSIVE;
				GCC_WARN_UNUSED_FUNCTION = YES;
				GCC_WARN_UNUSED_VARIABLE = YES;
				IPHONEOS_DEPLOYMENT_TARGET = 9.1;
				MTL_ENABLE_DEBUG_INFO = YES;
				ONLY_ACTIVE_ARCH = YES;
				SDKROOT = iphoneos;
				SWIFT_OPTIMIZATION_LEVEL = "-Onone";
			};
			name = Debug;
		};
		EFD8E3551BF23A3200EAB35E /* Release */ = {
			isa = XCBuildConfiguration;
			buildSettings = {
				ALWAYS_SEARCH_USER_PATHS = NO;
				CLANG_CXX_LANGUAGE_STANDARD = "gnu++0x";
				CLANG_CXX_LIBRARY = "libc++";
				CLANG_ENABLE_MODULES = YES;
				CLANG_ENABLE_OBJC_ARC = YES;
				CLANG_WARN_BOOL_CONVERSION = YES;
				CLANG_WARN_CONSTANT_CONVERSION = YES;
				CLANG_WARN_DIRECT_OBJC_ISA_USAGE = YES_ERROR;
				CLANG_WARN_EMPTY_BODY = YES;
				CLANG_WARN_ENUM_CONVERSION = YES;
				CLANG_WARN_INT_CONVERSION = YES;
				CLANG_WARN_OBJC_ROOT_CLASS = YES_ERROR;
				CLANG_WARN_UNREACHABLE_CODE = YES;
				CLANG_WARN__DUPLICATE_METHOD_MATCH = YES;
				"CODE_SIGN_IDENTITY[sdk=iphoneos*]" = "iPhone Developer";
				COPY_PHASE_STRIP = NO;
				DEBUG_INFORMATION_FORMAT = "dwarf-with-dsym";
				ENABLE_NS_ASSERTIONS = NO;
				ENABLE_STRICT_OBJC_MSGSEND = YES;
				GCC_C_LANGUAGE_STANDARD = gnu99;
				GCC_NO_COMMON_BLOCKS = YES;
				GCC_WARN_64_TO_32_BIT_CONVERSION = YES;
				GCC_WARN_ABOUT_RETURN_TYPE = YES_ERROR;
				GCC_WARN_UNDECLARED_SELECTOR = YES;
				GCC_WARN_UNINITIALIZED_AUTOS = YES_AGGRESSIVE;
				GCC_WARN_UNUSED_FUNCTION = YES;
				GCC_WARN_UNUSED_VARIABLE = YES;
				IPHONEOS_DEPLOYMENT_TARGET = 9.1;
				MTL_ENABLE_DEBUG_INFO = NO;
				SDKROOT = iphoneos;
				VALIDATE_PRODUCT = YES;
			};
			name = Release;
		};
		EFD8E3571BF23A3200EAB35E /* Debug */ = {
			isa = XCBuildConfiguration;
			buildSettings = {
				ASSETCATALOG_COMPILER_APPICON_NAME = AppIcon;
				INFOPLIST_FILE = SuperCool/Info.plist;
				LD_RUNPATH_SEARCH_PATHS = "$(inherited) @executable_path/Frameworks";
				PRODUCT_BUNDLE_IDENTIFIER = com.seschwan.SuperCool;
				PRODUCT_NAME = "$(TARGET_NAME)";
			};
			name = Debug;
		};
		EFD8E3581BF23A3200EAB35E /* Release */ = {
			isa = XCBuildConfiguration;
			buildSettings = {
				ASSETCATALOG_COMPILER_APPICON_NAME = AppIcon;
				INFOPLIST_FILE = SuperCool/Info.plist;
				LD_RUNPATH_SEARCH_PATHS = "$(inherited) @executable_path/Frameworks";
				PRODUCT_BUNDLE_IDENTIFIER = com.seschwan.SuperCool;
				PRODUCT_NAME = "$(TARGET_NAME)";
			};
			name = Release;
		};
/* End XCBuildConfiguration section */

/* Begin XCConfigurationList section */
		EFD8E33F1BF23A3200EAB35E /* Build configuration list for PBXProject "SuperCool" */ = {
			isa = XCConfigurationList;
			buildConfigurations = (
				EFD8E3541BF23A3200EAB35E /* Debug */,
				EFD8E3551BF23A3200EAB35E /* Release */,
			);
			defaultConfigurationIsVisible = 0;
			defaultConfigurationName = Release;
		};
		EFD8E3561BF23A3200EAB35E /* Build configuration list for PBXNativeTarget "SuperCool" */ = {
			isa = XCConfigurationList;
			buildConfigurations = (
				EFD8E3571BF23A3200EAB35E /* Debug */,
				EFD8E3581BF23A3200EAB35E /* Release */,
			);
			defaultConfigurationIsVisible = 0;
		};
/* End XCConfigurationList section */
	};
	rootObject = EFD8E33C1BF23A3200EAB35E /* Project object */;
}
